
Microsoft Visual Studio Solution File, Format Version 12.00
# Visual Studio Version 16
VisualStudioVersion = 16.0.31702.278
MinimumVisualStudioVersion = 10.0.40219.1
Project("{FAE04EC0-301F-11D3-BF4B-00C04F79EFBC}") = "Vidly", "Vidly\Vidly.csproj", "{4DF12890-A01A-4494-912F-3EEC878B21EF}"
EndProject
Global
	GlobalSection(SolutionConfigurationPlatforms) = preSolution
		Debug|Any CPU = Debug|Any CPU
		Release|Any CPU = Release|Any CPU
	EndGlobalSection
	GlobalSection(ProjectConfigurationPlatforms) = postSolution
		{4DF12890-A01A-4494-912F-3EEC878B21EF}.Debug|Any CPU.ActiveCfg = Debug|Any CPU
		{4DF12890-A01A-4494-912F-3EEC878B21EF}.Debug|Any CPU.Build.0 = Debug|Any CPU
		{4DF12890-A01A-4494-912F-3EEC878B21EF}.Release|Any CPU.ActiveCfg = Release|Any CPU
		{4DF12890-A01A-4494-912F-3EEC878B21EF}.Release|Any CPU.Build.0 = Release|Any CPU
	EndGlobalSection
	GlobalSection(SolutionProperties) = preSolution
		HideSolutionNode = FALSE
	EndGlobalSection
	GlobalSection(ExtensibilityGlobals) = postSolution
		SolutionGuid = {412D923F-F6A1-4C2D-A47A-21BDE7DCE2D5}
	EndGlobalSection
EndGlobal
